// !$*UTF8*$!
{
	archiveVersion = 1;
	classes = {
	};
	objectVersion = 51;
	objects = {

/* Begin PBXBuildFile section */
		C8C5922DCD16A807FD481AAE /* Pods_MakeTableView2.framework in Frameworks */ = {isa = PBXBuildFile; fileRef = 68A4FA8374746E0F8BFAC618 /* Pods_MakeTableView2.framework */; };
		D1198A2824C942E4007072AB /* APIKit.framework in Frameworks */ = {isa = PBXBuildFile; fileRef = D1198A2524C942E4007072AB /* APIKit.framework */; };
		D1198A2924C942E4007072AB /* APIKit.framework in Embed Frameworks */ = {isa = PBXBuildFile; fileRef = D1198A2524C942E4007072AB /* APIKit.framework */; settings = {ATTRIBUTES = (CodeSignOnCopy, RemoveHeadersOnCopy, ); }; };
		D1198A2A24C942E4007072AB /* Kingfisher.framework in Frameworks */ = {isa = PBXBuildFile; fileRef = D1198A2624C942E4007072AB /* Kingfisher.framework */; };
		D1198A2B24C942E4007072AB /* Kingfisher.framework in Embed Frameworks */ = {isa = PBXBuildFile; fileRef = D1198A2624C942E4007072AB /* Kingfisher.framework */; settings = {ATTRIBUTES = (CodeSignOnCopy, RemoveHeadersOnCopy, ); }; };
		D1198A2C24C942E4007072AB /* BrightFutures.framework in Frameworks */ = {isa = PBXBuildFile; fileRef = D1198A2724C942E4007072AB /* BrightFutures.framework */; };
		D1198A2D24C942E4007072AB /* BrightFutures.framework in Embed Frameworks */ = {isa = PBXBuildFile; fileRef = D1198A2724C942E4007072AB /* BrightFutures.framework */; settings = {ATTRIBUTES = (CodeSignOnCopy, RemoveHeadersOnCopy, ); }; };
		D1AF42F524C93E530010ECC5 /* AppDelegate.swift in Sources */ = {isa = PBXBuildFile; fileRef = D1AF42F424C93E530010ECC5 /* AppDelegate.swift */; };
		D1AF42F724C93E530010ECC5 /* SceneDelegate.swift in Sources */ = {isa = PBXBuildFile; fileRef = D1AF42F624C93E530010ECC5 /* SceneDelegate.swift */; };
		D1AF42F924C93E530010ECC5 /* ViewController.swift in Sources */ = {isa = PBXBuildFile; fileRef = D1AF42F824C93E530010ECC5 /* ViewController.swift */; };
		D1AF42FC24C93E530010ECC5 /* Main.storyboard in Resources */ = {isa = PBXBuildFile; fileRef = D1AF42FA24C93E530010ECC5 /* Main.storyboard */; };
		D1AF42FE24C93E590010ECC5 /* Assets.xcassets in Resources */ = {isa = PBXBuildFile; fileRef = D1AF42FD24C93E590010ECC5 /* Assets.xcassets */; };
		D1AF430124C93E590010ECC5 /* LaunchScreen.storyboard in Resources */ = {isa = PBXBuildFile; fileRef = D1AF42FF24C93E590010ECC5 /* LaunchScreen.storyboard */; };
		D1AF430924C9401A0010ECC5 /* GoogleService-Info.plist in Resources */ = {isa = PBXBuildFile; fileRef = D1AF430824C9401A0010ECC5 /* GoogleService-Info.plist */; };
/* End PBXBuildFile section */

/* Begin PBXCopyFilesBuildPhase section */
		D1198A2E24C942E4007072AB /* Embed Frameworks */ = {
			isa = PBXCopyFilesBuildPhase;
			buildActionMask = 2147483647;
			dstPath = "";
			dstSubfolderSpec = 10;
			files = (
				D1198A2D24C942E4007072AB /* BrightFutures.framework in Embed Frameworks */,
				D1198A2B24C942E4007072AB /* Kingfisher.framework in Embed Frameworks */,
				D1198A2924C942E4007072AB /* APIKit.framework in Embed Frameworks */,
			);
			name = "Embed Frameworks";
			runOnlyForDeploymentPostprocessing = 0;
		};
/* End PBXCopyFilesBuildPhase section */

/* Begin PBXFileReference section */
		542F1B237A2592E74F0CF4FC /* Pods-MakeTableView2.debug.xcconfig */ = {isa = PBXFileReference; includeInIndex = 1; lastKnownFileType = text.xcconfig; name = "Pods-MakeTableView2.debug.xcconfig"; path = "Target Support Files/Pods-MakeTableView2/Pods-MakeTableView2.debug.xcconfig"; sourceTree = "<group>"; };
		68A4FA8374746E0F8BFAC618 /* Pods_MakeTableView2.framework */ = {isa = PBXFileReference; explicitFileType = wrapper.framework; includeInIndex = 0; path = Pods_MakeTableView2.framework; sourceTree = BUILT_PRODUCTS_DIR; };
		90336C935FDCD40D6DFD16B2 /* Pods-MakeTableView2.release.xcconfig */ = {isa = PBXFileReference; includeInIndex = 1; lastKnownFileType = text.xcconfig; name = "Pods-MakeTableView2.release.xcconfig"; path = "Target Support Files/Pods-MakeTableView2/Pods-MakeTableView2.release.xcconfig"; sourceTree = "<group>"; };
		D1198A2524C942E4007072AB /* APIKit.framework */ = {isa = PBXFileReference; lastKnownFileType = wrapper.framework; name = APIKit.framework; path = Carthage/Build/iOS/APIKit.framework; sourceTree = "<group>"; };
		D1198A2624C942E4007072AB /* Kingfisher.framework */ = {isa = PBXFileReference; lastKnownFileType = wrapper.framework; name = Kingfisher.framework; path = Carthage/Build/iOS/Kingfisher.framework; sourceTree = "<group>"; };
		D1198A2724C942E4007072AB /* BrightFutures.framework */ = {isa = PBXFileReference; lastKnownFileType = wrapper.framework; name = BrightFutures.framework; path = Carthage/Build/iOS/BrightFutures.framework; sourceTree = "<group>"; };
		D1AF42F124C93E530010ECC5 /* MakeTableView2.app */ = {isa = PBXFileReference; explicitFileType = wrapper.application; includeInIndex = 0; path = MakeTableView2.app; sourceTree = BUILT_PRODUCTS_DIR; };
		D1AF42F424C93E530010ECC5 /* AppDelegate.swift */ = {isa = PBXFileReference; lastKnownFileType = sourcecode.swift; path = AppDelegate.swift; sourceTree = "<group>"; };
		D1AF42F624C93E530010ECC5 /* SceneDelegate.swift */ = {isa = PBXFileReference; lastKnownFileType = sourcecode.swift; path = SceneDelegate.swift; sourceTree = "<group>"; };
		D1AF42F824C93E530010ECC5 /* ViewController.swift */ = {isa = PBXFileReference; lastKnownFileType = sourcecode.swift; path = ViewController.swift; sourceTree = "<group>"; };
		D1AF42FB24C93E530010ECC5 /* Base */ = {isa = PBXFileReference; lastKnownFileType = file.storyboard; name = Base; path = Base.lproj/Main.storyboard; sourceTree = "<group>"; };
		D1AF42FD24C93E590010ECC5 /* Assets.xcassets */ = {isa = PBXFileReference; lastKnownFileType = folder.assetcatalog; path = Assets.xcassets; sourceTree = "<group>"; };
		D1AF430024C93E590010ECC5 /* Base */ = {isa = PBXFileReference; lastKnownFileType = file.storyboard; name = Base; path = Base.lproj/LaunchScreen.storyboard; sourceTree = "<group>"; };
		D1AF430224C93E590010ECC5 /* Info.plist */ = {isa = PBXFileReference; lastKnownFileType = text.plist.xml; path = Info.plist; sourceTree = "<group>"; };
		D1AF430824C9401A0010ECC5 /* GoogleService-Info.plist */ = {isa = PBXFileReference; fileEncoding = 4; lastKnownFileType = text.plist.xml; name = "GoogleService-Info.plist"; path = "../../../../Downloads/GoogleService-Info.plist"; sourceTree = "<group>"; };
/* End PBXFileReference section */

/* Begin PBXFrameworksBuildPhase section */
		D1AF42EE24C93E530010ECC5 /* Frameworks */ = {
			isa = PBXFrameworksBuildPhase;
			buildActionMask = 2147483647;
			files = (
				D1198A2824C942E4007072AB /* APIKit.framework in Frameworks */,
				D1198A2C24C942E4007072AB /* BrightFutures.framework in Frameworks */,
				D1198A2A24C942E4007072AB /* Kingfisher.framework in Frameworks */,
				C8C5922DCD16A807FD481AAE /* Pods_MakeTableView2.framework in Frameworks */,
			);
			runOnlyForDeploymentPostprocessing = 0;
		};
/* End PBXFrameworksBuildPhase section */

/* Begin PBXGroup section */
		B1717BE9607273E8B7ADB995 /* Pods */ = {
			isa = PBXGroup;
			children = (
				542F1B237A2592E74F0CF4FC /* Pods-MakeTableView2.debug.xcconfig */,
				90336C935FDCD40D6DFD16B2 /* Pods-MakeTableView2.release.xcconfig */,
			);
			path = Pods;
			sourceTree = "<group>";
		};
		C81CADAABCB74EDCBA9F88B6 /* Frameworks */ = {
			isa = PBXGroup;
			children = (
				D1198A2524C942E4007072AB /* APIKit.framework */,
				D1198A2724C942E4007072AB /* BrightFutures.framework */,
				D1198A2624C942E4007072AB /* Kingfisher.framework */,
				68A4FA8374746E0F8BFAC618 /* Pods_MakeTableView2.framework */,
			);
			name = Frameworks;
			sourceTree = "<group>";
		};
		D1AF42E824C93E530010ECC5 = {
			isa = PBXGroup;
			children = (
				D1AF42F324C93E530010ECC5 /* MakeTableView2 */,
				D1AF42F224C93E530010ECC5 /* Products */,
				B1717BE9607273E8B7ADB995 /* Pods */,
				C81CADAABCB74EDCBA9F88B6 /* Frameworks */,
			);
			sourceTree = "<group>";
		};
		D1AF42F224C93E530010ECC5 /* Products */ = {
			isa = PBXGroup;
			children = (
				D1AF42F124C93E530010ECC5 /* MakeTableView2.app */,
			);
			name = Products;
			sourceTree = "<group>";
		};
		D1AF42F324C93E530010ECC5 /* MakeTableView2 */ = {
			isa = PBXGroup;
			children = (
				D1AF42F424C93E530010ECC5 /* AppDelegate.swift */,
				D1AF42F624C93E530010ECC5 /* SceneDelegate.swift */,
				D1AF42F824C93E530010ECC5 /* ViewController.swift */,
				D1AF42FA24C93E530010ECC5 /* Main.storyboard */,
				D1AF42FD24C93E590010ECC5 /* Assets.xcassets */,
				D1AF42FF24C93E590010ECC5 /* LaunchScreen.storyboard */,
				D1AF430224C93E590010ECC5 /* Info.plist */,
				D1AF430824C9401A0010ECC5 /* GoogleService-Info.plist */,
			);
			path = MakeTableView2;
			sourceTree = "<group>";
		};
/* End PBXGroup section */

/* Begin PBXNativeTarget section */
		D1AF42F024C93E530010ECC5 /* MakeTableView2 */ = {
			isa = PBXNativeTarget;
			buildConfigurationList = D1AF430524C93E590010ECC5 /* Build configuration list for PBXNativeTarget "MakeTableView2" */;
			buildPhases = (
				17DF9F90C292A611F3DB6A19 /* [CP] Check Pods Manifest.lock */,
				D1AF42ED24C93E530010ECC5 /* Sources */,
				D1AF42EE24C93E530010ECC5 /* Frameworks */,
				D1AF42EF24C93E530010ECC5 /* Resources */,
				B474838BDCF8152CEEE80E9B /* [CP] Embed Pods Frameworks */,
				D1198A2E24C942E4007072AB /* Embed Frameworks */,
				D1198A2F24C942F6007072AB /* ShellScript */,
			);
			buildRules = (
			);
			dependencies = (
			);
			name = MakeTableView2;
			productName = MakeTableView2;
			productReference = D1AF42F124C93E530010ECC5 /* MakeTableView2.app */;
			productType = "com.apple.product-type.application";
		};
/* End PBXNativeTarget section */

/* Begin PBXProject section */
		D1AF42E924C93E530010ECC5 /* Project object */ = {
			isa = PBXProject;
			attributes = {
				LastSwiftUpdateCheck = 1160;
				LastUpgradeCheck = 1160;
				ORGANIZATIONNAME = Manchen;
				TargetAttributes = {
					D1AF42F024C93E530010ECC5 = {
						CreatedOnToolsVersion = 11.6;
					};
				};
			};
			buildConfigurationList = D1AF42EC24C93E530010ECC5 /* Build configuration list for PBXProject "MakeTableView2" */;
			compatibilityVersion = "Xcode 9.3";
			developmentRegion = en;
			hasScannedForEncodings = 0;
			knownRegions = (
				en,
				Base,
			);
			mainGroup = D1AF42E824C93E530010ECC5;
			productRefGroup = D1AF42F224C93E530010ECC5 /* Products */;
			projectDirPath = "";
			projectRoot = "";
			targets = (
				D1AF42F024C93E530010ECC5 /* MakeTableView2 */,
			);
		};
/* End PBXProject section */

/* Begin PBXResourcesBuildPhase section */
		D1AF42EF24C93E530010ECC5 /* Resources */ = {
			isa = PBXResourcesBuildPhase;
			buildActionMask = 2147483647;
			files = (
				D1AF430124C93E590010ECC5 /* LaunchScreen.storyboard in Resources */,
				D1AF430924C9401A0010ECC5 /* GoogleService-Info.plist in Resources */,
				D1AF42FE24C93E590010ECC5 /* Assets.xcassets in Resources */,
				D1AF42FC24C93E530010ECC5 /* Main.storyboard in Resources */,
			);
			runOnlyForDeploymentPostprocessing = 0;
		};
/* End PBXResourcesBuildPhase section */

/* Begin PBXShellScriptBuildPhase section */
		17DF9F90C292A611F3DB6A19 /* [CP] Check Pods Manifest.lock */ = {
			isa = PBXShellScriptBuildPhase;
			buildActionMask = 2147483647;
			files = (
			);
			inputFileListPaths = (
			);
			inputPaths = (
				"${PODS_PODFILE_DIR_PATH}/Podfile.lock",
				"${PODS_ROOT}/Manifest.lock",
			);
			name = "[CP] Check Pods Manifest.lock";
			outputFileListPaths = (
			);
			outputPaths = (
				"$(DERIVED_FILE_DIR)/Pods-MakeTableView2-checkManifestLockResult.txt",
			);
			runOnlyForDeploymentPostprocessing = 0;
			shellPath = /bin/sh;
			shellScript = "diff \"${PODS_PODFILE_DIR_PATH}/Podfile.lock\" \"${PODS_ROOT}/Manifest.lock\" > /dev/null\nif [ $? != 0 ] ; then\n    # print error to STDERR\n    echo \"error: The sandbox is not in sync with the Podfile.lock. Run 'pod install' or update your CocoaPods installation.\" >&2\n    exit 1\nfi\n# This output is used by Xcode 'outputs' to avoid re-running this script phase.\necho \"SUCCESS\" > \"${SCRIPT_OUTPUT_FILE_0}\"\n";
			showEnvVarsInLog = 0;
		};
		B474838BDCF8152CEEE80E9B /* [CP] Embed Pods Frameworks */ = {
			isa = PBXShellScriptBuildPhase;
			buildActionMask = 2147483647;
			files = (
			);
			inputFileListPaths = (
				"${PODS_ROOT}/Target Support Files/Pods-MakeTableView2/Pods-MakeTableView2-frameworks-${CONFIGURATION}-input-files.xcfilelist",
			);
			name = "[CP] Embed Pods Frameworks";
			outputFileListPaths = (
				"${PODS_ROOT}/Target Support Files/Pods-MakeTableView2/Pods-MakeTableView2-frameworks-${CONFIGURATION}-output-files.xcfilelist",
			);
			runOnlyForDeploymentPostprocessing = 0;
			shellPath = /bin/sh;
			shellScript = "\"${PODS_ROOT}/Target Support Files/Pods-MakeTableView2/Pods-MakeTableView2-frameworks.sh\"\n";
			showEnvVarsInLog = 0;
		};
		D1198A2F24C942F6007072AB /* ShellScript */ = {
			isa = PBXShellScriptBuildPhase;
			buildActionMask = 2147483647;
			files = (
			);
			inputFileListPaths = (
			);
			inputPaths = (
				"$(SRCROOT)/Carthage/Build/iOS/APIKit.frameworks",
				"$(SRCROOT)/Carthage/Build/iOS/Kingfisher.frameworks",
				"$(SRCROOT)/Carthage/Build/iOS/BrightFutures.frameworks",
			);
			outputFileListPaths = (
			);
			outputPaths = (
			);
			runOnlyForDeploymentPostprocessing = 0;
			shellPath = /bin/sh;
			shellScript = "# Type a script or drag a script file from your workspace to insert its path.\n/usr/local/bin/carthage copy-frameworks\n";
		};
/* End PBXShellScriptBuildPhase section */

/* Begin PBXSourcesBuildPhase section */
		D1AF42ED24C93E530010ECC5 /* Sources */ = {
			isa = PBXSourcesBuildPhase;
			buildActionMask = 2147483647;
			files = (
				D1AF42F924C93E530010ECC5 /* ViewController.swift in Sources */,
				D1AF42F524C93E530010ECC5 /* AppDelegate.swift in Sources */,
				D1AF42F724C93E530010ECC5 /* SceneDelegate.swift in Sources */,
			);
			runOnlyForDeploymentPostprocessing = 0;
		};
/* End PBXSourcesBuildPhase section */

/* Begin PBXVariantGroup section */
		D1AF42FA24C93E530010ECC5 /* Main.storyboard */ = {
			isa = PBXVariantGroup;
			children = (
				D1AF42FB24C93E530010ECC5 /* Base */,
			);
			name = Main.storyboard;
			sourceTree = "<group>";
		};
		D1AF42FF24C93E590010ECC5 /* LaunchScreen.storyboard */ = {
			isa = PBXVariantGroup;
			children = (
				D1AF430024C93E590010ECC5 /* Base */,
			);
			name = LaunchScreen.storyboard;
			sourceTree = "<group>";
		};
/* End PBXVariantGroup section */

/* Begin XCBuildConfiguration section */
		D1AF430324C93E590010ECC5 /* Debug */ = {
			isa = XCBuildConfiguration;
			buildSettings = {
				ALWAYS_SEARCH_USER_PATHS = NO;
				CLANG_ANALYZER_NONNULL = YES;
				CLANG_ANALYZER_NUMBER_OBJECT_CONVERSION = YES_AGGRESSIVE;
				CLANG_CXX_LANGUAGE_STANDARD = "gnu++14";
				CLANG_CXX_LIBRARY = "libc++";
				CLANG_ENABLE_MODULES = YES;
				CLANG_ENABLE_OBJC_ARC = YES;
				CLANG_ENABLE_OBJC_WEAK = YES;
				CLANG_WARN_BLOCK_CAPTURE_AUTORELEASING = YES;
				CLANG_WARN_BOOL_CONVERSION = YES;
				CLANG_WARN_COMMA = YES;
				CLANG_WARN_CONSTANT_CONVERSION = YES;
				CLANG_WARN_DEPRECATED_OBJC_IMPLEMENTATIONS = YES;
				CLANG_WARN_DIRECT_OBJC_ISA_USAGE = YES_ERROR;
				CLANG_WARN_DOCUMENTATION_COMMENTS = YES;
				CLANG_WARN_EMPTY_BODY = YES;
				CLANG_WARN_ENUM_CONVERSION = YES;
				CLANG_WARN_INFINITE_RECURSION = YES;
				CLANG_WARN_INT_CONVERSION = YES;
				CLANG_WARN_NON_LITERAL_NULL_CONVERSION = YES;
				CLANG_WARN_OBJC_IMPLICIT_RETAIN_SELF = YES;
				CLANG_WARN_OBJC_LITERAL_CONVERSION = YES;
				CLANG_WARN_OBJC_ROOT_CLASS = YES_ERROR;
				CLANG_WARN_RANGE_LOOP_ANALYSIS = YES;
				CLANG_WARN_STRICT_PROTOTYPES = YES;
				CLANG_WARN_SUSPICIOUS_MOVE = YES;
				CLANG_WARN_UNGUARDED_AVAILABILITY = YES_AGGRESSIVE;
				CLANG_WARN_UNREACHABLE_CODE = YES;
				CLANG_WARN__DUPLICATE_METHOD_MATCH = YES;
				COPY_PHASE_STRIP = NO;
				DEBUG_INFORMATION_FORMAT = dwarf;
				ENABLE_STRICT_OBJC_MSGSEND = YES;
				ENABLE_TESTABILITY = YES;
				GCC_C_LANGUAGE_STANDARD = gnu11;
				GCC_DYNAMIC_NO_PIC = NO;
				GCC_NO_COMMON_BLOCKS = YES;
				GCC_OPTIMIZATION_LEVEL = 0;
				GCC_PREPROCESSOR_DEFINITIONS = (
					"DEBUG=1",
					"$(inherited)",
				);
				GCC_WARN_64_TO_32_BIT_CONVERSION = YES;
				GCC_WARN_ABOUT_RETURN_TYPE = YES_ERROR;
				GCC_WARN_UNDECLARED_SELECTOR = YES;
				GCC_WARN_UNINITIALIZED_AUTOS = YES_AGGRESSIVE;
				GCC_WARN_UNUSED_FUNCTION = YES;
				GCC_WARN_UNUSED_VARIABLE = YES;
				IPHONEOS_DEPLOYMENT_TARGET = 13.6;
				MTL_ENABLE_DEBUG_INFO = INCLUDE_SOURCE;
				MTL_FAST_MATH = YES;
				ONLY_ACTIVE_ARCH = YES;
				SDKROOT = iphoneos;
				SWIFT_ACTIVE_COMPILATION_CONDITIONS = DEBUG;
				SWIFT_OPTIMIZATION_LEVEL = "-Onone";
			};
			name = Debug;
		};
		D1AF430424C93E590010ECC5 /* Release */ = {
			isa = XCBuildConfiguration;
			buildSettings = {
				ALWAYS_SEARCH_USER_PATHS = NO;
				CLANG_ANALYZER_NONNULL = YES;
				CLANG_ANALYZER_NUMBER_OBJECT_CONVERSION = YES_AGGRESSIVE;
				CLANG_CXX_LANGUAGE_STANDARD = "gnu++14";
				CLANG_CXX_LIBRARY = "libc++";
				CLANG_ENABLE_MODULES = YES;
				CLANG_ENABLE_OBJC_ARC = YES;
				CLANG_ENABLE_OBJC_WEAK = YES;
				CLANG_WARN_BLOCK_CAPTURE_AUTORELEASING = YES;
				CLANG_WARN_BOOL_CONVERSION = YES;
				CLANG_WARN_COMMA = YES;
				CLANG_WARN_CONSTANT_CONVERSION = YES;
				CLANG_WARN_DEPRECATED_OBJC_IMPLEMENTATIONS = YES;
				CLANG_WARN_DIRECT_OBJC_ISA_USAGE = YES_ERROR;
				CLANG_WARN_DOCUMENTATION_COMMENTS = YES;
				CLANG_WARN_EMPTY_BODY = YES;
				CLANG_WARN_ENUM_CONVERSION = YES;
				CLANG_WARN_INFINITE_RECURSION = YES;
				CLANG_WARN_INT_CONVERSION = YES;
				CLANG_WARN_NON_LITERAL_NULL_CONVERSION = YES;
				CLANG_WARN_OBJC_IMPLICIT_RETAIN_SELF = YES;
				CLANG_WARN_OBJC_LITERAL_CONVERSION = YES;
				CLANG_WARN_OBJC_ROOT_CLASS = YES_ERROR;
				CLANG_WARN_RANGE_LOOP_ANALYSIS = YES;
				CLANG_WARN_STRICT_PROTOTYPES = YES;
				CLANG_WARN_SUSPICIOUS_MOVE = YES;
				CLANG_WARN_UNGUARDED_AVAILABILITY = YES_AGGRESSIVE;
				CLANG_WARN_UNREACHABLE_CODE = YES;
				CLANG_WARN__DUPLICATE_METHOD_MATCH = YES;
				COPY_PHASE_STRIP = NO;
				DEBUG_INFORMATION_FORMAT = "dwarf-with-dsym";
				ENABLE_NS_ASSERTIONS = NO;
				ENABLE_STRICT_OBJC_MSGSEND = YES;
				GCC_C_LANGUAGE_STANDARD = gnu11;
				GCC_NO_COMMON_BLOCKS = YES;
				GCC_WARN_64_TO_32_BIT_CONVERSION = YES;
				GCC_WARN_ABOUT_RETURN_TYPE = YES_ERROR;
				GCC_WARN_UNDECLARED_SELECTOR = YES;
				GCC_WARN_UNINITIALIZED_AUTOS = YES_AGGRESSIVE;
				GCC_WARN_UNUSED_FUNCTION = YES;
				GCC_WARN_UNUSED_VARIABLE = YES;
				IPHONEOS_DEPLOYMENT_TARGET = 13.6;
				MTL_ENABLE_DEBUG_INFO = NO;
				MTL_FAST_MATH = YES;
				SDKROOT = iphoneos;
				SWIFT_COMPILATION_MODE = wholemodule;
				SWIFT_OPTIMIZATION_LEVEL = "-O";
				VALIDATE_PRODUCT = YES;
			};
			name = Release;
		};
		D1AF430624C93E590010ECC5 /* Debug */ = {
			isa = XCBuildConfiguration;
			baseConfigurationReference = 542F1B237A2592E74F0CF4FC /* Pods-MakeTableView2.debug.xcconfig */;
			buildSettings = {
				ASSETCATALOG_COMPILER_APPICON_NAME = AppIcon;
				CODE_SIGN_STYLE = Automatic;
				DEVELOPMENT_TEAM = 6Q7A759C5Y;
				FRAMEWORK_SEARCH_PATHS = (
					"$(inherited)",
					"$(PROJECT_DIR)/Carthage/Build/iOS",
				);
				INFOPLIST_FILE = MakeTableView2/Info.plist;
				LD_RUNPATH_SEARCH_PATHS = (
					"$(inherited)",
					"@executable_path/Frameworks",
				);
				PRODUCT_BUNDLE_IDENTIFIER = com.icloud.manten.jumper.MakeTableView2;
				PRODUCT_NAME = "$(TARGET_NAME)";
				SWIFT_VERSION = 5.0;
				TARGETED_DEVICE_FAMILY = "1,2";
			};
			name = Debug;
		};
		D1AF430724C93E590010ECC5 /* Release */ = {
			isa = XCBuildConfiguration;
			baseConfigurationReference = 90336C935FDCD40D6DFD16B2 /* Pods-MakeTableView2.release.xcconfig */;
			buildSettings = {
				ASSETCATALOG_COMPILER_APPICON_NAME = AppIcon;
				CODE_SIGN_STYLE = Automatic;
				DEVELOPMENT_TEAM = 6Q7A759C5Y;
				FRAMEWORK_SEARCH_PATHS = (
					"$(inherited)",
					"$(PROJECT_DIR)/Carthage/Build/iOS",
				);
				INFOPLIST_FILE = MakeTableView2/Info.plist;
				LD_RUNPATH_SEARCH_PATHS = (
					"$(inherited)",
					"@executable_path/Frameworks",
				);
				PRODUCT_BUNDLE_IDENTIFIER = com.icloud.manten.jumper.MakeTableView2;
				PRODUCT_NAME = "$(TARGET_NAME)";
				SWIFT_VERSION = 5.0;
				TARGETED_DEVICE_FAMILY = "1,2";
			};
			name = Release;
		};
/* End XCBuildConfiguration section */

/* Begin XCConfigurationList section */
		D1AF42EC24C93E530010ECC5 /* Build configuration list for PBXProject "MakeTableView2" */ = {
			isa = XCConfigurationList;
			buildConfigurations = (
				D1AF430324C93E590010ECC5 /* Debug */,
				D1AF430424C93E590010ECC5 /* Release */,
			);
			defaultConfigurationIsVisible = 0;
			defaultConfigurationName = Release;
		};
		D1AF430524C93E590010ECC5 /* Build configuration list for PBXNativeTarget "MakeTableView2" */ = {
			isa = XCConfigurationList;
			buildConfigurations = (
				D1AF430624C93E590010ECC5 /* Debug */,
				D1AF430724C93E590010ECC5 /* Release */,
			);
			defaultConfigurationIsVisible = 0;
			defaultConfigurationName = Release;
		};
/* End XCConfigurationList section */
	};
	rootObject = D1AF42E924C93E530010ECC5 /* Project object */;
}
